
Microsoft Visual Studio Solution File, Format Version 12.00
# Visual Studio Version 17
VisualStudioVersion = 17.14.36301.6
MinimumVisualStudioVersion = 10.0.40219.1
Project("{54A90642-561A-4BB1-A94E-469ADEE60C69}") = "service-application.client", "service-application.client\service-application.client.esproj", "{D2A59180-EE59-2229-51BF-9C204B0A13B9}"
EndProject
Project("{FAE04EC0-301F-11D3-BF4B-00C04F79EFBC}") = "service-application.Server", "service-application.Server\service-application.Server.csproj", "{FCDAA3B3-D8D5-49FA-A396-C8089D8BE2F3}"
EndProject
Project("{FAE04EC0-301F-11D3-BF4B-00C04F79EFBC}") = "Data", "Data\Data.csproj", "{2D260B8D-ACFD-4D98-B587-E85892F6BEAC}"
EndProject
Project("{FAE04EC0-301F-11D3-BF4B-00C04F79EFBC}") = "Services", "Services\Services.csproj", "{1D3B4EAE-D4A0-4DDF-B987-009D9B122412}"
EndProject
Project("{FAE04EC0-301F-11D3-BF4B-00C04F79EFBC}") = "Common", "Common\Common.csproj", "{1C6D5926-45BC-4846-9DF5-4A3BB19B52A2}"
EndProject
Project("{2150E333-8FDC-42A3-9474-1A3956D46DE8}") = "Solution Items", "Solution Items", "{02EA681E-C7D8-13C7-8484-4AC65E1B71E8}"
	ProjectSection(SolutionItems) = preProject
		.editorconfig = .editorconfig
	EndProjectSection
EndProject
Global
	GlobalSection(SolutionConfigurationPlatforms) = preSolution
		Debug|Any CPU = Debug|Any CPU
		Release|Any CPU = Release|Any CPU
	EndGlobalSection
	GlobalSection(ProjectConfigurationPlatforms) = postSolution
		{D2A59180-EE59-2229-51BF-9C204B0A13B9}.Debug|Any CPU.ActiveCfg = Debug|Any CPU
		{D2A59180-EE59-2229-51BF-9C204B0A13B9}.Debug|Any CPU.Build.0 = Debug|Any CPU
		{D2A59180-EE59-2229-51BF-9C204B0A13B9}.Debug|Any CPU.Deploy.0 = Debug|Any CPU
		{D2A59180-EE59-2229-51BF-9C204B0A13B9}.Release|Any CPU.ActiveCfg = Release|Any CPU
		{D2A59180-EE59-2229-51BF-9C204B0A13B9}.Release|Any CPU.Build.0 = Release|Any CPU
		{D2A59180-EE59-2229-51BF-9C204B0A13B9}.Release|Any CPU.Deploy.0 = Release|Any CPU
		{FCDAA3B3-D8D5-49FA-A396-C8089D8BE2F3}.Debug|Any CPU.ActiveCfg = Debug|Any CPU
		{FCDAA3B3-D8D5-49FA-A396-C8089D8BE2F3}.Debug|Any CPU.Build.0 = Debug|Any CPU
		{FCDAA3B3-D8D5-49FA-A396-C8089D8BE2F3}.Release|Any CPU.ActiveCfg = Release|Any CPU
		{FCDAA3B3-D8D5-49FA-A396-C8089D8BE2F3}.Release|Any CPU.Build.0 = Release|Any CPU
		{2D260B8D-ACFD-4D98-B587-E85892F6BEAC}.Debug|Any CPU.ActiveCfg = Debug|Any CPU
		{2D260B8D-ACFD-4D98-B587-E85892F6BEAC}.Debug|Any CPU.Build.0 = Debug|Any CPU
		{2D260B8D-ACFD-4D98-B587-E85892F6BEAC}.Release|Any CPU.ActiveCfg = Release|Any CPU
		{2D260B8D-ACFD-4D98-B587-E85892F6BEAC}.Release|Any CPU.Build.0 = Release|Any CPU
		{1D3B4EAE-D4A0-4DDF-B987-009D9B122412}.Debug|Any CPU.ActiveCfg = Debug|Any CPU
		{1D3B4EAE-D4A0-4DDF-B987-009D9B122412}.Debug|Any CPU.Build.0 = Debug|Any CPU
		{1D3B4EAE-D4A0-4DDF-B987-009D9B122412}.Release|Any CPU.ActiveCfg = Release|Any CPU
		{1D3B4EAE-D4A0-4DDF-B987-009D9B122412}.Release|Any CPU.Build.0 = Release|Any CPU
		{1C6D5926-45BC-4846-9DF5-4A3BB19B52A2}.Debug|Any CPU.ActiveCfg = Debug|Any CPU
		{1C6D5926-45BC-4846-9DF5-4A3BB19B52A2}.Debug|Any CPU.Build.0 = Debug|Any CPU
		{1C6D5926-45BC-4846-9DF5-4A3BB19B52A2}.Release|Any CPU.ActiveCfg = Release|Any CPU
		{1C6D5926-45BC-4846-9DF5-4A3BB19B52A2}.Release|Any CPU.Build.0 = Release|Any CPU
	EndGlobalSection
	GlobalSection(SolutionProperties) = preSolution
		HideSolutionNode = FALSE
	EndGlobalSection
	GlobalSection(ExtensibilityGlobals) = postSolution
		SolutionGuid = {8E543F7D-1DB2-4601-8DE1-B19FB11EB617}
	EndGlobalSection
EndGlobal
